{
  "originHash" : "9bd16f6f7721d7994c17077a446dbea5a23693a27c0c8f91f8bd473b4d390336",
  "pins" : [
    {
      "identity" : "capacitor-swift-pm",
      "kind" : "remoteSourceControl",
      "location" : "https://github.com/ionic-team/capacitor-swift-pm.git",
      "state" : {
        "revision" : "4c7f346d16196e21fbe23d4a7a6fc7af62af6742",
        "version" : "8.5.3"
      }
    }
  ],
  "version" : 3
}
